// !$*UTF8*$!
{
	archiveVersion = 1;
	classes = {
	};
	objectVersion = 46;
	objects = {

/* Begin PBXBuildFile section */
		BFF483C81E2D7AF9006ADA49 /* main.m in Sources */ = {isa = PBXBuildFile; fileRef = BFF483C71E2D7AF9006ADA49 /* main.m */; };
		BFF483CB1E2D7AF9006ADA49 /* AppDelegate.m in Sources */ = {isa = PBXBuildFile; fileRef = BFF483CA1E2D7AF9006ADA49 /* AppDelegate.m */; };
		BFF483CE1E2D7AF9006ADA49 /* ViewController.m in Sources */ = {isa = PBXBuildFile; fileRef = BFF483CD1E2D7AF9006ADA49 /* ViewController.m */; };
		BFF483D11E2D7AF9006ADA49 /* Main.storyboard in Resources */ = {isa = PBXBuildFile; fileRef = BFF483CF1E2D7AF9006ADA49 /* Main.storyboard */; };
		BFF483D31E2D7AF9006ADA49 /* Assets.xcassets in Resources */ = {isa = PBXBuildFile; fileRef = BFF483D21E2D7AF9006ADA49 /* Assets.xcassets */; };
		BFF483D61E2D7AF9006ADA49 /* LaunchScreen.storyboard in Resources */ = {isa = PBXBuildFile; fileRef = BFF483D41E2D7AF9006ADA49 /* LaunchScreen.storyboard */; };
		BFF483E21E2D7B74006ADA49 /* RMKAzureTranslator.m in Sources */ = {isa = PBXBuildFile; fileRef = BFF483E11E2D7B74006ADA49 /* RMKAzureTranslator.m */; };
		BFF483E51E2D7CFE006ADA49 /* RMKAzureTokenManager.m in Sources */ = {isa = PBXBuildFile; fileRef = BFF483E41E2D7CFE006ADA49 /* RMKAzureTokenManager.m */; };
		BFF483EA1E2D8F58006ADA49 /* CFNetwork.framework in Frameworks */ = {isa = PBXBuildFile; fileRef = BFF483E91E2D8F58006ADA49 /* CFNetwork.framework */; };
		BFF483F01E2D904A006ADA49 /* XMLDictionary.m in Sources */ = {isa = PBXBuildFile; fileRef = BFF483EF1E2D904A006ADA49 /* XMLDictionary.m */; };
/* End PBXBuildFile section */

/* Begin PBXFileReference section */
		BFF483C31E2D7AF9006ADA49 /* RMKAzureTranslatorDemo.app */ = {isa = PBXFileReference; explicitFileType = wrapper.application; includeInIndex = 0; path = RMKAzureTranslatorDemo.app; sourceTree = BUILT_PRODUCTS_DIR; };
		BFF483C71E2D7AF9006ADA49 /* main.m */ = {isa = PBXFileReference; lastKnownFileType = sourcecode.c.objc; path = main.m; sourceTree = "<group>"; };
		BFF483C91E2D7AF9006ADA49 /* AppDelegate.h */ = {isa = PBXFileReference; lastKnownFileType = sourcecode.c.h; path = AppDelegate.h; sourceTree = "<group>"; };
		BFF483CA1E2D7AF9006ADA49 /* AppDelegate.m */ = {isa = PBXFileReference; lastKnownFileType = sourcecode.c.objc; path = AppDelegate.m; sourceTree = "<group>"; };
		BFF483CC1E2D7AF9006ADA49 /* ViewController.h */ = {isa = PBXFileReference; lastKnownFileType = sourcecode.c.h; path = ViewController.h; sourceTree = "<group>"; };
		BFF483CD1E2D7AF9006ADA49 /* ViewController.m */ = {isa = PBXFileReference; lastKnownFileType = sourcecode.c.objc; path = ViewController.m; sourceTree = "<group>"; };
		BFF483D01E2D7AF9006ADA49 /* Base */ = {isa = PBXFileReference; lastKnownFileType = file.storyboard; name = Base; path = Base.lproj/Main.storyboard; sourceTree = "<group>"; };
		BFF483D21E2D7AF9006ADA49 /* Assets.xcassets */ = {isa = PBXFileReference; lastKnownFileType = folder.assetcatalog; path = Assets.xcassets; sourceTree = "<group>"; };
		BFF483D51E2D7AF9006ADA49 /* Base */ = {isa = PBXFileReference; lastKnownFileType = file.storyboard; name = Base; path = Base.lproj/LaunchScreen.storyboard; sourceTree = "<group>"; };
		BFF483D71E2D7AF9006ADA49 /* Info.plist */ = {isa = PBXFileReference; lastKnownFileType = text.plist.xml; path = Info.plist; sourceTree = "<group>"; };
		BFF483E01E2D7B74006ADA49 /* RMKAzureTranslator.h */ = {isa = PBXFileReference; fileEncoding = 4; lastKnownFileType = sourcecode.c.h; name = RMKAzureTranslator.h; path = RMKAzureTranslator/RMKAzureTranslator.h; sourceTree = SOURCE_ROOT; };
		BFF483E11E2D7B74006ADA49 /* RMKAzureTranslator.m */ = {isa = PBXFileReference; fileEncoding = 4; lastKnownFileType = sourcecode.c.objc; name = RMKAzureTranslator.m; path = RMKAzureTranslator/RMKAzureTranslator.m; sourceTree = SOURCE_ROOT; };
		BFF483E31E2D7CFE006ADA49 /* RMKAzureTokenManager.h */ = {isa = PBXFileReference; fileEncoding = 4; lastKnownFileType = sourcecode.c.h; name = RMKAzureTokenManager.h; path = RMKAzureTranslator/RMKAzureTokenManager.h; sourceTree = SOURCE_ROOT; };
		BFF483E41E2D7CFE006ADA49 /* RMKAzureTokenManager.m */ = {isa = PBXFileReference; fileEncoding = 4; lastKnownFileType = sourcecode.c.objc; name = RMKAzureTokenManager.m; path = RMKAzureTranslator/RMKAzureTokenManager.m; sourceTree = SOURCE_ROOT; };
		BFF483E91E2D8F58006ADA49 /* CFNetwork.framework */ = {isa = PBXFileReference; lastKnownFileType = wrapper.framework; name = CFNetwork.framework; path = System/Library/Frameworks/CFNetwork.framework; sourceTree = SDKROOT; };
		BFF483EE1E2D904A006ADA49 /* XMLDictionary.h */ = {isa = PBXFileReference; fileEncoding = 4; lastKnownFileType = sourcecode.c.h; name = XMLDictionary.h; path = "../../../../Downloads/FGTranslator-master/FGTranslator/XMLDictionary/XMLDictionary.h"; sourceTree = "<group>"; };
		BFF483EF1E2D904A006ADA49 /* XMLDictionary.m */ = {isa = PBXFileReference; fileEncoding = 4; lastKnownFileType = sourcecode.c.objc; name = XMLDictionary.m; path = "../../../../Downloads/FGTranslator-master/FGTranslator/XMLDictionary/XMLDictionary.m"; sourceTree = "<group>"; };
/* End PBXFileReference section */

/* Begin PBXFrameworksBuildPhase section */
		BFF483C01E2D7AF9006ADA49 /* Frameworks */ = {
			isa = PBXFrameworksBuildPhase;
			buildActionMask = 2147483647;
			files = (
				BFF483EA1E2D8F58006ADA49 /* CFNetwork.framework in Frameworks */,
			);
			runOnlyForDeploymentPostprocessing = 0;
		};
/* End PBXFrameworksBuildPhase section */

/* Begin PBXGroup section */
		BFF483BA1E2D7AF9006ADA49 = {
			isa = PBXGroup;
			children = (
				BFF483DD1E2D7B20006ADA49 /* RMKAzureTranslator */,
				BFF483C51E2D7AF9006ADA49 /* RMKAzureTranslatorDemo */,
				BFF483C41E2D7AF9006ADA49 /* Products */,
				BFF483E81E2D8F58006ADA49 /* Frameworks */,
			);
			sourceTree = "<group>";
		};
		BFF483C41E2D7AF9006ADA49 /* Products */ = {
			isa = PBXGroup;
			children = (
				BFF483C31E2D7AF9006ADA49 /* RMKAzureTranslatorDemo.app */,
			);
			name = Products;
			sourceTree = "<group>";
		};
		BFF483C51E2D7AF9006ADA49 /* RMKAzureTranslatorDemo */ = {
			isa = PBXGroup;
			children = (
				BFF483C91E2D7AF9006ADA49 /* AppDelegate.h */,
				BFF483CA1E2D7AF9006ADA49 /* AppDelegate.m */,
				BFF483CC1E2D7AF9006ADA49 /* ViewController.h */,
				BFF483CD1E2D7AF9006ADA49 /* ViewController.m */,
				BFF483CF1E2D7AF9006ADA49 /* Main.storyboard */,
				BFF483D21E2D7AF9006ADA49 /* Assets.xcassets */,
				BFF483D41E2D7AF9006ADA49 /* LaunchScreen.storyboard */,
				BFF483D71E2D7AF9006ADA49 /* Info.plist */,
				BFF483C61E2D7AF9006ADA49 /* Supporting Files */,
			);
			path = RMKAzureTranslatorDemo;
			sourceTree = "<group>";
		};
		BFF483C61E2D7AF9006ADA49 /* Supporting Files */ = {
			isa = PBXGroup;
			children = (
				BFF483C71E2D7AF9006ADA49 /* main.m */,
			);
			name = "Supporting Files";
			sourceTree = "<group>";
		};
		BFF483DD1E2D7B20006ADA49 /* RMKAzureTranslator */ = {
			isa = PBXGroup;
			children = (
				BFF483ED1E2D903B006ADA49 /* XMLDictionary */,
				BFF483E01E2D7B74006ADA49 /* RMKAzureTranslator.h */,
				BFF483E11E2D7B74006ADA49 /* RMKAzureTranslator.m */,
				BFF483E31E2D7CFE006ADA49 /* RMKAzureTokenManager.h */,
				BFF483E41E2D7CFE006ADA49 /* RMKAzureTokenManager.m */,
			);
			name = RMKAzureTranslator;
			path = RMKAzureTranslatorDemo;
			sourceTree = "<group>";
		};
		BFF483E81E2D8F58006ADA49 /* Frameworks */ = {
			isa = PBXGroup;
			children = (
				BFF483E91E2D8F58006ADA49 /* CFNetwork.framework */,
			);
			name = Frameworks;
			sourceTree = "<group>";
		};
		BFF483ED1E2D903B006ADA49 /* XMLDictionary */ = {
			isa = PBXGroup;
			children = (
				BFF483EE1E2D904A006ADA49 /* XMLDictionary.h */,
				BFF483EF1E2D904A006ADA49 /* XMLDictionary.m */,
			);
			name = XMLDictionary;
			sourceTree = "<group>";
		};
/* End PBXGroup section */

/* Begin PBXNativeTarget section */
		BFF483C21E2D7AF9006ADA49 /* RMKAzureTranslatorDemo */ = {
			isa = PBXNativeTarget;
			buildConfigurationList = BFF483DA1E2D7AF9006ADA49 /* Build configuration list for PBXNativeTarget "RMKAzureTranslatorDemo" */;
			buildPhases = (
				BFF483BF1E2D7AF9006ADA49 /* Sources */,
				BFF483C01E2D7AF9006ADA49 /* Frameworks */,
				BFF483C11E2D7AF9006ADA49 /* Resources */,
			);
			buildRules = (
			);
			dependencies = (
			);
			name = RMKAzureTranslatorDemo;
			productName = RMKAzureTranslatorDemo;
			productReference = BFF483C31E2D7AF9006ADA49 /* RMKAzureTranslatorDemo.app */;
			productType = "com.apple.product-type.application";
		};
/* End PBXNativeTarget section */

/* Begin PBXProject section */
		BFF483BB1E2D7AF9006ADA49 /* Project object */ = {
			isa = PBXProject;
			attributes = {
				LastUpgradeCheck = 0810;
				ORGANIZATIONNAME = "RMK Solutions";
				TargetAttributes = {
					BFF483C21E2D7AF9006ADA49 = {
						CreatedOnToolsVersion = 8.1;
						DevelopmentTeam = WCFL462RM7;
						ProvisioningStyle = Automatic;
					};
				};
			};
			buildConfigurationList = BFF483BE1E2D7AF9006ADA49 /* Build configuration list for PBXProject "RMKAzureTranslatorDemo" */;
			compatibilityVersion = "Xcode 3.2";
			developmentRegion = English;
			hasScannedForEncodings = 0;
			knownRegions = (
				en,
				Base,
			);
			mainGroup = BFF483BA1E2D7AF9006ADA49;
			productRefGroup = BFF483C41E2D7AF9006ADA49 /* Products */;
			projectDirPath = "";
			projectRoot = "";
			targets = (
				BFF483C21E2D7AF9006ADA49 /* RMKAzureTranslatorDemo */,
			);
		};
/* End PBXProject section */

/* Begin PBXResourcesBuildPhase section */
		BFF483C11E2D7AF9006ADA49 /* Resources */ = {
			isa = PBXResourcesBuildPhase;
			buildActionMask = 2147483647;
			files = (
				BFF483D61E2D7AF9006ADA49 /* LaunchScreen.storyboard in Resources */,
				BFF483D31E2D7AF9006ADA49 /* Assets.xcassets in Resources */,
				BFF483D11E2D7AF9006ADA49 /* Main.storyboard in Resources */,
			);
			runOnlyForDeploymentPostprocessing = 0;
		};
/* End PBXResourcesBuildPhase section */

/* Begin PBXSourcesBuildPhase section */
		BFF483BF1E2D7AF9006ADA49 /* Sources */ = {
			isa = PBXSourcesBuildPhase;
			buildActionMask = 2147483647;
			files = (
				BFF483CE1E2D7AF9006ADA49 /* ViewController.m in Sources */,
				BFF483CB1E2D7AF9006ADA49 /* AppDelegate.m in Sources */,
				BFF483E21E2D7B74006ADA49 /* RMKAzureTranslator.m in Sources */,
				BFF483C81E2D7AF9006ADA49 /* main.m in Sources */,
				BFF483E51E2D7CFE006ADA49 /* RMKAzureTokenManager.m in Sources */,
				BFF483F01E2D904A006ADA49 /* XMLDictionary.m in Sources */,
			);
			runOnlyForDeploymentPostprocessing = 0;
		};
/* End PBXSourcesBuildPhase section */

/* Begin PBXVariantGroup section */
		BFF483CF1E2D7AF9006ADA49 /* Main.storyboard */ = {
			isa = PBXVariantGroup;
			children = (
				BFF483D01E2D7AF9006ADA49 /* Base */,
			);
			name = Main.storyboard;
			sourceTree = "<group>";
		};
		BFF483D41E2D7AF9006ADA49 /* LaunchScreen.storyboard */ = {
			isa = PBXVariantGroup;
			children = (
				BFF483D51E2D7AF9006ADA49 /* Base */,
			);
			name = LaunchScreen.storyboard;
			sourceTree = "<group>";
		};
/* End PBXVariantGroup section */

/* Begin XCBuildConfiguration section */
		BFF483D81E2D7AF9006ADA49 /* Debug */ = {
			isa = XCBuildConfiguration;
			buildSettings = {
				ALWAYS_SEARCH_USER_PATHS = NO;
				CLANG_ANALYZER_NONNULL = YES;
				CLANG_CXX_LANGUAGE_STANDARD = "gnu++0x";
				CLANG_CXX_LIBRARY = "libc++";
				CLANG_ENABLE_MODULES = YES;
				CLANG_ENABLE_OBJC_ARC = YES;
				CLANG_WARN_BOOL_CONVERSION = YES;
				CLANG_WARN_CONSTANT_CONVERSION = YES;
				CLANG_WARN_DIRECT_OBJC_ISA_USAGE = YES_ERROR;
				CLANG_WARN_DOCUMENTATION_COMMENTS = YES;
				CLANG_WARN_EMPTY_BODY = YES;
				CLANG_WARN_ENUM_CONVERSION = YES;
				CLANG_WARN_INFINITE_RECURSION = YES;
				CLANG_WARN_INT_CONVERSION = YES;
				CLANG_WARN_OBJC_ROOT_CLASS = YES_ERROR;
				CLANG_WARN_SUSPICIOUS_MOVES = YES;
				CLANG_WARN_UNREACHABLE_CODE = YES;
				CLANG_WARN__DUPLICATE_METHOD_MATCH = YES;
				"CODE_SIGN_IDENTITY[sdk=iphoneos*]" = "iPhone Developer";
				COPY_PHASE_STRIP = NO;
				DEBUG_INFORMATION_FORMAT = dwarf;
				ENABLE_STRICT_OBJC_MSGSEND = YES;
				ENABLE_TESTABILITY = YES;
				GCC_C_LANGUAGE_STANDARD = gnu99;
				GCC_DYNAMIC_NO_PIC = NO;
				GCC_NO_COMMON_BLOCKS = YES;
				GCC_OPTIMIZATION_LEVEL = 0;
				GCC_PREPROCESSOR_DEFINITIONS = (
					"DEBUG=1",
					"$(inherited)",
				);
				GCC_WARN_64_TO_32_BIT_CONVERSION = YES;
				GCC_WARN_ABOUT_RETURN_TYPE = YES_ERROR;
				GCC_WARN_UNDECLARED_SELECTOR = YES;
				GCC_WARN_UNINITIALIZED_AUTOS = YES_AGGRESSIVE;
				GCC_WARN_UNUSED_FUNCTION = YES;
				GCC_WARN_UNUSED_VARIABLE = YES;
				IPHONEOS_DEPLOYMENT_TARGET = 10.1;
				MTL_ENABLE_DEBUG_INFO = YES;
				ONLY_ACTIVE_ARCH = YES;
				SDKROOT = iphoneos;
			};
			name = Debug;
		};
		BFF483D91E2D7AF9006ADA49 /* Release */ = {
			isa = XCBuildConfiguration;
			buildSettings = {
				ALWAYS_SEARCH_USER_PATHS = NO;
				CLANG_ANALYZER_NONNULL = YES;
				CLANG_CXX_LANGUAGE_STANDARD = "gnu++0x";
				CLANG_CXX_LIBRARY = "libc++";
				CLANG_ENABLE_MODULES = YES;
				CLANG_ENABLE_OBJC_ARC = YES;
				CLANG_WARN_BOOL_CONVERSION = YES;
				CLANG_WARN_CONSTANT_CONVERSION = YES;
				CLANG_WARN_DIRECT_OBJC_ISA_USAGE = YES_ERROR;
				CLANG_WARN_DOCUMENTATION_COMMENTS = YES;
				CLANG_WARN_EMPTY_BODY = YES;
				CLANG_WARN_ENUM_CONVERSION = YES;
				CLANG_WARN_INFINITE_RECURSION = YES;
				CLANG_WARN_INT_CONVERSION = YES;
				CLANG_WARN_OBJC_ROOT_CLASS = YES_ERROR;
				CLANG_WARN_SUSPICIOUS_MOVES = YES;
				CLANG_WARN_UNREACHABLE_CODE = YES;
				CLANG_WARN__DUPLICATE_METHOD_MATCH = YES;
				"CODE_SIGN_IDENTITY[sdk=iphoneos*]" = "iPhone Developer";
				COPY_PHASE_STRIP = NO;
				DEBUG_INFORMATION_FORMAT = "dwarf-with-dsym";
				ENABLE_NS_ASSERTIONS = NO;
				ENABLE_STRICT_OBJC_MSGSEND = YES;
				GCC_C_LANGUAGE_STANDARD = gnu99;
				GCC_NO_COMMON_BLOCKS = YES;
				GCC_WARN_64_TO_32_BIT_CONVERSION = YES;
				GCC_WARN_ABOUT_RETURN_TYPE = YES_ERROR;
				GCC_WARN_UNDECLARED_SELECTOR = YES;
				GCC_WARN_UNINITIALIZED_AUTOS = YES_AGGRESSIVE;
				GCC_WARN_UNUSED_FUNCTION = YES;
				GCC_WARN_UNUSED_VARIABLE = YES;
				IPHONEOS_DEPLOYMENT_TARGET = 10.1;
				MTL_ENABLE_DEBUG_INFO = NO;
				SDKROOT = iphoneos;
				VALIDATE_PRODUCT = YES;
			};
			name = Release;
		};
		BFF483DB1E2D7AF9006ADA49 /* Debug */ = {
			isa = XCBuildConfiguration;
			buildSettings = {
				ASSETCATALOG_COMPILER_APPICON_NAME = AppIcon;
				DEVELOPMENT_TEAM = WCFL462RM7;
				INFOPLIST_FILE = RMKAzureTranslatorDemo/Info.plist;
				LD_RUNPATH_SEARCH_PATHS = "$(inherited) @executable_path/Frameworks";
				OTHER_LDFLAGS = "-ObjC";
				PRODUCT_BUNDLE_IDENTIFIER = com.manjukiran.RMKAzureTranslatorDemo;
				PRODUCT_NAME = "$(TARGET_NAME)";
			};
			name = Debug;
		};
		BFF483DC1E2D7AF9006ADA49 /* Release */ = {
			isa = XCBuildConfiguration;
			buildSettings = {
				ASSETCATALOG_COMPILER_APPICON_NAME = AppIcon;
				DEVELOPMENT_TEAM = WCFL462RM7;
				INFOPLIST_FILE = RMKAzureTranslatorDemo/Info.plist;
				LD_RUNPATH_SEARCH_PATHS = "$(inherited) @executable_path/Frameworks";
				OTHER_LDFLAGS = "-ObjC";
				PRODUCT_BUNDLE_IDENTIFIER = com.manjukiran.RMKAzureTranslatorDemo;
				PRODUCT_NAME = "$(TARGET_NAME)";
			};
			name = Release;
		};
/* End XCBuildConfiguration section */

/* Begin XCConfigurationList section */
		BFF483BE1E2D7AF9006ADA49 /* Build configuration list for PBXProject "RMKAzureTranslatorDemo" */ = {
			isa = XCConfigurationList;
			buildConfigurations = (
				BFF483D81E2D7AF9006ADA49 /* Debug */,
				BFF483D91E2D7AF9006ADA49 /* Release */,
			);
			defaultConfigurationIsVisible = 0;
			defaultConfigurationName = Release;
		};
		BFF483DA1E2D7AF9006ADA49 /* Build configuration list for PBXNativeTarget "RMKAzureTranslatorDemo" */ = {
			isa = XCConfigurationList;
			buildConfigurations = (
				BFF483DB1E2D7AF9006ADA49 /* Debug */,
				BFF483DC1E2D7AF9006ADA49 /* Release */,
			);
			defaultConfigurationIsVisible = 0;
		};
/* End XCConfigurationList section */
	};
	rootObject = BFF483BB1E2D7AF9006ADA49 /* Project object */;
}
